
Microsoft Visual Studio Solution File, Format Version 12.00
# Visual Studio 15
VisualStudioVersion = 15.0.27130.2036
MinimumVisualStudioVersion = 10.0.40219.1
Project("{F184B08F-C81C-45F6-A57F-5ABD9991F28F}") = "Office_C2R_installer", "Office_C2R_installer\Office_C2R_installer.vbproj", "{C40D6AB1-BB54-42D3-AA4C-F397F8593448}"
EndProject
Global
	GlobalSection(SolutionConfigurationPlatforms) = preSolution
		Debug|Any CPU = Debug|Any CPU
		Release|Any CPU = Release|Any CPU
	EndGlobalSection
	GlobalSection(ProjectConfigurationPlatforms) = postSolution
		{C40D6AB1-BB54-42D3-AA4C-F397F8593448}.Debug|Any CPU.ActiveCfg = Debug|Any CPU
		{C40D6AB1-BB54-42D3-AA4C-F397F8593448}.Debug|Any CPU.Build.0 = Debug|Any CPU
		{C40D6AB1-BB54-42D3-AA4C-F397F8593448}.Release|Any CPU.ActiveCfg = Release|Any CPU
		{C40D6AB1-BB54-42D3-AA4C-F397F8593448}.Release|Any CPU.Build.0 = Release|Any CPU
	EndGlobalSection
	GlobalSection(SolutionProperties) = preSolution
		HideSolutionNode = FALSE
	EndGlobalSection
	GlobalSection(ExtensibilityGlobals) = postSolution
		SolutionGuid = {6EF7EC3B-3E2B-4C63-A60A-C080717851B8}
	EndGlobalSection
EndGlobal
